
Microsoft Visual Studio Solution File, Format Version 12.00
# Visual Studio Version 16
VisualStudioVersion = 16.0.30524.135
MinimumVisualStudioVersion = 10.0.40219.1
Project("{9A19103F-16F7-4668-BE54-9A1E7A4F7556}") = "Smart.Blazor.Demos", "Smart.Blazor.Demos\Smart.Blazor.Demos.csproj", "{28B94209-CA6C-4F1F-BC98-2E978388A66C}"
EndProject
Global
	GlobalSection(SolutionConfigurationPlatforms) = preSolution
		Debug|Any CPU = Debug|Any CPU
		Release|Any CPU = Release|Any CPU
	EndGlobalSection
	GlobalSection(ProjectConfigurationPlatforms) = postSolution
		{28B94209-CA6C-4F1F-BC98-2E978388A66C}.Debug|Any CPU.ActiveCfg = Debug|Any CPU
		{28B94209-CA6C-4F1F-BC98-2E978388A66C}.Debug|Any CPU.Build.0 = Debug|Any CPU
		{28B94209-CA6C-4F1F-BC98-2E978388A66C}.Release|Any CPU.ActiveCfg = Release|Any CPU
		{28B94209-CA6C-4F1F-BC98-2E978388A66C}.Release|Any CPU.Build.0 = Release|Any CPU
	EndGlobalSection
	GlobalSection(SolutionProperties) = preSolution
		HideSolutionNode = FALSE
	EndGlobalSection
	GlobalSection(ExtensibilityGlobals) = postSolution
		SolutionGuid = {3AA383C4-3D25-4C92-ADCA-FB96757A528E}
	EndGlobalSection
EndGlobal
